
Microsoft Visual Studio Solution File, Format Version 12.00
# Visual Studio Version 17
VisualStudioVersion = 17.11.35208.52
MinimumVisualStudioVersion = 10.0.40219.1
Project("{9A19103F-16F7-4668-BE54-9A1E7A4F7556}") = "BeautySalon", "BeautySalon.csproj", "{D7D6005C-4FC0-4C2B-AC8A-8CB9C65BF580}"
EndProject
Global
	GlobalSection(SolutionConfigurationPlatforms) = preSolution
		Debug|Any CPU = Debug|Any CPU
		Release|Any CPU = Release|Any CPU
	EndGlobalSection
	GlobalSection(ProjectConfigurationPlatforms) = postSolution
		{D7D6005C-4FC0-4C2B-AC8A-8CB9C65BF580}.Debug|Any CPU.ActiveCfg = Debug|Any CPU
		{D7D6005C-4FC0-4C2B-AC8A-8CB9C65BF580}.Debug|Any CPU.Build.0 = Debug|Any CPU
		{D7D6005C-4FC0-4C2B-AC8A-8CB9C65BF580}.Release|Any CPU.ActiveCfg = Release|Any CPU
		{D7D6005C-4FC0-4C2B-AC8A-8CB9C65BF580}.Release|Any CPU.Build.0 = Release|Any CPU
	EndGlobalSection
	GlobalSection(SolutionProperties) = preSolution
		HideSolutionNode = FALSE
	EndGlobalSection
	GlobalSection(ExtensibilityGlobals) = postSolution
		SolutionGuid = {88E88B36-12FA-4A97-821E-DF961C5390DA}
	EndGlobalSection
EndGlobal
